// !$*UTF8*$!
{
	archiveVersion = 1;
	classes = {
	};
	objectVersion = 56;
	objects = {

/* Begin PBXBuildFile section */
		A579E3902AF2ECA8004BFE6A /* RapidEmoji_RaceApp.swift in Sources */ = {isa = PBXBuildFile; fileRef = A579E38F2AF2ECA8004BFE6A /* RapidEmoji_RaceApp.swift */; };
		A579E3922AF2ECA8004BFE6A /* ContentView.swift in Sources */ = {isa = PBXBuildFile; fileRef = A579E3912AF2ECA8004BFE6A /* ContentView.swift */; };
		A579E3942AF2ECA8004BFE6A /* Item.swift in Sources */ = {isa = PBXBuildFile; fileRef = A579E3932AF2ECA8004BFE6A /* Item.swift */; };
		A579E3962AF2ECA9004BFE6A /* Assets.xcassets in Resources */ = {isa = PBXBuildFile; fileRef = A579E3952AF2ECA9004BFE6A /* Assets.xcassets */; };
		A579E3992AF2ECA9004BFE6A /* Preview Assets.xcassets in Resources */ = {isa = PBXBuildFile; fileRef = A579E3982AF2ECA9004BFE6A /* Preview Assets.xcassets */; };
		A579E3A32AF2ECAA004BFE6A /* RapidEmoji_RaceTests.swift in Sources */ = {isa = PBXBuildFile; fileRef = A579E3A22AF2ECAA004BFE6A /* RapidEmoji_RaceTests.swift */; };
		A579E3AD2AF2ECAA004BFE6A /* RapidEmoji_RaceUITests.swift in Sources */ = {isa = PBXBuildFile; fileRef = A579E3AC2AF2ECAA004BFE6A /* RapidEmoji_RaceUITests.swift */; };
		A579E3AF2AF2ECAA004BFE6A /* RapidEmoji_RaceUITestsLaunchTests.swift in Sources */ = {isa = PBXBuildFile; fileRef = A579E3AE2AF2ECAA004BFE6A /* RapidEmoji_RaceUITestsLaunchTests.swift */; };
		A579E3BC2AF2F6B1004BFE6A /* Flash Card.swift in Sources */ = {isa = PBXBuildFile; fileRef = A579E3BB2AF2F6B1004BFE6A /* Flash Card.swift */; };
/* End PBXBuildFile section */

/* Begin PBXContainerItemProxy section */
		A579E39F2AF2ECAA004BFE6A /* PBXContainerItemProxy */ = {
			isa = PBXContainerItemProxy;
			containerPortal = A579E3842AF2ECA8004BFE6A /* Project object */;
			proxyType = 1;
			remoteGlobalIDString = A579E38B2AF2ECA8004BFE6A;
			remoteInfo = "RapidEmoji-Race";
		};
		A579E3A92AF2ECAA004BFE6A /* PBXContainerItemProxy */ = {
			isa = PBXContainerItemProxy;
			containerPortal = A579E3842AF2ECA8004BFE6A /* Project object */;
			proxyType = 1;
			remoteGlobalIDString = A579E38B2AF2ECA8004BFE6A;
			remoteInfo = "RapidEmoji-Race";
		};
/* End PBXContainerItemProxy section */

/* Begin PBXFileReference section */
		A579E38C2AF2ECA8004BFE6A /* RapidEmoji-Race.app */ = {isa = PBXFileReference; explicitFileType = wrapper.application; includeInIndex = 0; path = "RapidEmoji-Race.app"; sourceTree = BUILT_PRODUCTS_DIR; };
		A579E38F2AF2ECA8004BFE6A /* RapidEmoji_RaceApp.swift */ = {isa = PBXFileReference; lastKnownFileType = sourcecode.swift; path = RapidEmoji_RaceApp.swift; sourceTree = "<group>"; };
		A579E3912AF2ECA8004BFE6A /* ContentView.swift */ = {isa = PBXFileReference; lastKnownFileType = sourcecode.swift; path = ContentView.swift; sourceTree = "<group>"; };
		A579E3932AF2ECA8004BFE6A /* Item.swift */ = {isa = PBXFileReference; lastKnownFileType = sourcecode.swift; path = Item.swift; sourceTree = "<group>"; };
		A579E3952AF2ECA9004BFE6A /* Assets.xcassets */ = {isa = PBXFileReference; lastKnownFileType = folder.assetcatalog; path = Assets.xcassets; sourceTree = "<group>"; };
		A579E3982AF2ECA9004BFE6A /* Preview Assets.xcassets */ = {isa = PBXFileReference; lastKnownFileType = folder.assetcatalog; path = "Preview Assets.xcassets"; sourceTree = "<group>"; };
		A579E39E2AF2ECAA004BFE6A /* RapidEmoji-RaceTests.xctest */ = {isa = PBXFileReference; explicitFileType = wrapper.cfbundle; includeInIndex = 0; path = "RapidEmoji-RaceTests.xctest"; sourceTree = BUILT_PRODUCTS_DIR; };
		A579E3A22AF2ECAA004BFE6A /* RapidEmoji_RaceTests.swift */ = {isa = PBXFileReference; lastKnownFileType = sourcecode.swift; path = RapidEmoji_RaceTests.swift; sourceTree = "<group>"; };
		A579E3A82AF2ECAA004BFE6A /* RapidEmoji-RaceUITests.xctest */ = {isa = PBXFileReference; explicitFileType = wrapper.cfbundle; includeInIndex = 0; path = "RapidEmoji-RaceUITests.xctest"; sourceTree = BUILT_PRODUCTS_DIR; };
		A579E3AC2AF2ECAA004BFE6A /* RapidEmoji_RaceUITests.swift */ = {isa = PBXFileReference; lastKnownFileType = sourcecode.swift; path = RapidEmoji_RaceUITests.swift; sourceTree = "<group>"; };
		A579E3AE2AF2ECAA004BFE6A /* RapidEmoji_RaceUITestsLaunchTests.swift */ = {isa = PBXFileReference; lastKnownFileType = sourcecode.swift; path = RapidEmoji_RaceUITestsLaunchTests.swift; sourceTree = "<group>"; };
		A579E3BB2AF2F6B1004BFE6A /* Flash Card.swift */ = {isa = PBXFileReference; lastKnownFileType = sourcecode.swift; path = "Flash Card.swift"; sourceTree = "<group>"; };
/* End PBXFileReference section */

/* Begin PBXFrameworksBuildPhase section */
		A579E3892AF2ECA8004BFE6A /* Frameworks */ = {
			isa = PBXFrameworksBuildPhase;
			buildActionMask = 2147483647;
			files = (
			);
			runOnlyForDeploymentPostprocessing = 0;
		};
		A579E39B2AF2ECAA004BFE6A /* Frameworks */ = {
			isa = PBXFrameworksBuildPhase;
			buildActionMask = 2147483647;
			files = (
			);
			runOnlyForDeploymentPostprocessing = 0;
		};
		A579E3A52AF2ECAA004BFE6A /* Frameworks */ = {
			isa = PBXFrameworksBuildPhase;
			buildActionMask = 2147483647;
			files = (
			);
			runOnlyForDeploymentPostprocessing = 0;
		};
/* End PBXFrameworksBuildPhase section */

/* Begin PBXGroup section */
		A579E3832AF2ECA8004BFE6A = {
			isa = PBXGroup;
			children = (
				A579E38E2AF2ECA8004BFE6A /* RapidEmoji-Race */,
				A579E3A12AF2ECAA004BFE6A /* RapidEmoji-RaceTests */,
				A579E3AB2AF2ECAA004BFE6A /* RapidEmoji-RaceUITests */,
				A579E38D2AF2ECA8004BFE6A /* Products */,
			);
			sourceTree = "<group>";
		};
		A579E38D2AF2ECA8004BFE6A /* Products */ = {
			isa = PBXGroup;
			children = (
				A579E38C2AF2ECA8004BFE6A /* RapidEmoji-Race.app */,
				A579E39E2AF2ECAA004BFE6A /* RapidEmoji-RaceTests.xctest */,
				A579E3A82AF2ECAA004BFE6A /* RapidEmoji-RaceUITests.xctest */,
			);
			name = Products;
			sourceTree = "<group>";
		};
		A579E38E2AF2ECA8004BFE6A /* RapidEmoji-Race */ = {
			isa = PBXGroup;
			children = (
				A579E38F2AF2ECA8004BFE6A /* RapidEmoji_RaceApp.swift */,
				A579E3912AF2ECA8004BFE6A /* ContentView.swift */,
				A579E3932AF2ECA8004BFE6A /* Item.swift */,
				A579E3952AF2ECA9004BFE6A /* Assets.xcassets */,
				A579E3972AF2ECA9004BFE6A /* Preview Content */,
				A579E3BB2AF2F6B1004BFE6A /* Flash Card.swift */,
			);
			path = "RapidEmoji-Race";
			sourceTree = "<group>";
		};
		A579E3972AF2ECA9004BFE6A /* Preview Content */ = {
			isa = PBXGroup;
			children = (
				A579E3982AF2ECA9004BFE6A /* Preview Assets.xcassets */,
			);
			path = "Preview Content";
			sourceTree = "<group>";
		};
		A579E3A12AF2ECAA004BFE6A /* RapidEmoji-RaceTests */ = {
			isa = PBXGroup;
			children = (
				A579E3A22AF2ECAA004BFE6A /* RapidEmoji_RaceTests.swift */,
			);
			path = "RapidEmoji-RaceTests";
			sourceTree = "<group>";
		};
		A579E3AB2AF2ECAA004BFE6A /* RapidEmoji-RaceUITests */ = {
			isa = PBXGroup;
			children = (
				A579E3AC2AF2ECAA004BFE6A /* RapidEmoji_RaceUITests.swift */,
				A579E3AE2AF2ECAA004BFE6A /* RapidEmoji_RaceUITestsLaunchTests.swift */,
			);
			path = "RapidEmoji-RaceUITests";
			sourceTree = "<group>";
		};
/* End PBXGroup section */

/* Begin PBXNativeTarget section */
		A579E38B2AF2ECA8004BFE6A /* RapidEmoji-Race */ = {
			isa = PBXNativeTarget;
			buildConfigurationList = A579E3B22AF2ECAA004BFE6A /* Build configuration list for PBXNativeTarget "RapidEmoji-Race" */;
			buildPhases = (
				A579E3882AF2ECA8004BFE6A /* Sources */,
				A579E3892AF2ECA8004BFE6A /* Frameworks */,
				A579E38A2AF2ECA8004BFE6A /* Resources */,
			);
			buildRules = (
			);
			dependencies = (
			);
			name = "RapidEmoji-Race";
			productName = "RapidEmoji-Race";
			productReference = A579E38C2AF2ECA8004BFE6A /* RapidEmoji-Race.app */;
			productType = "com.apple.product-type.application";
		};
		A579E39D2AF2ECAA004BFE6A /* RapidEmoji-RaceTests */ = {
			isa = PBXNativeTarget;
			buildConfigurationList = A579E3B52AF2ECAA004BFE6A /* Build configuration list for PBXNativeTarget "RapidEmoji-RaceTests" */;
			buildPhases = (
				A579E39A2AF2ECAA004BFE6A /* Sources */,
				A579E39B2AF2ECAA004BFE6A /* Frameworks */,
				A579E39C2AF2ECAA004BFE6A /* Resources */,
			);
			buildRules = (
			);
			dependencies = (
				A579E3A02AF2ECAA004BFE6A /* PBXTargetDependency */,
			);
			name = "RapidEmoji-RaceTests";
			productName = "RapidEmoji-RaceTests";
			productReference = A579E39E2AF2ECAA004BFE6A /* RapidEmoji-RaceTests.xctest */;
			productType = "com.apple.product-type.bundle.unit-test";
		};
		A579E3A72AF2ECAA004BFE6A /* RapidEmoji-RaceUITests */ = {
			isa = PBXNativeTarget;
			buildConfigurationList = A579E3B82AF2ECAA004BFE6A /* Build configuration list for PBXNativeTarget "RapidEmoji-RaceUITests" */;
			buildPhases = (
				A579E3A42AF2ECAA004BFE6A /* Sources */,
				A579E3A52AF2ECAA004BFE6A /* Frameworks */,
				A579E3A62AF2ECAA004BFE6A /* Resources */,
			);
			buildRules = (
			);
			dependencies = (
				A579E3AA2AF2ECAA004BFE6A /* PBXTargetDependency */,
			);
			name = "RapidEmoji-RaceUITests";
			productName = "RapidEmoji-RaceUITests";
			productReference = A579E3A82AF2ECAA004BFE6A /* RapidEmoji-RaceUITests.xctest */;
			productType = "com.apple.product-type.bundle.ui-testing";
		};
/* End PBXNativeTarget section */

/* Begin PBXProject section */
		A579E3842AF2ECA8004BFE6A /* Project object */ = {
			isa = PBXProject;
			attributes = {
				BuildIndependentTargetsInParallel = 1;
				LastSwiftUpdateCheck = 1500;
				LastUpgradeCheck = 1500;
				TargetAttributes = {
					A579E38B2AF2ECA8004BFE6A = {
						CreatedOnToolsVersion = 15.0.1;
					};
					A579E39D2AF2ECAA004BFE6A = {
						CreatedOnToolsVersion = 15.0.1;
						TestTargetID = A579E38B2AF2ECA8004BFE6A;
					};
					A579E3A72AF2ECAA004BFE6A = {
						CreatedOnToolsVersion = 15.0.1;
						TestTargetID = A579E38B2AF2ECA8004BFE6A;
					};
				};
			};
			buildConfigurationList = A579E3872AF2ECA8004BFE6A /* Build configuration list for PBXProject "RapidEmoji-Race" */;
			compatibilityVersion = "Xcode 14.0";
			developmentRegion = en;
			hasScannedForEncodings = 0;
			knownRegions = (
				en,
				Base,
			);
			mainGroup = A579E3832AF2ECA8004BFE6A;
			productRefGroup = A579E38D2AF2ECA8004BFE6A /* Products */;
			projectDirPath = "";
			projectRoot = "";
			targets = (
				A579E38B2AF2ECA8004BFE6A /* RapidEmoji-Race */,
				A579E39D2AF2ECAA004BFE6A /* RapidEmoji-RaceTests */,
				A579E3A72AF2ECAA004BFE6A /* RapidEmoji-RaceUITests */,
			);
		};
/* End PBXProject section */

/* Begin PBXResourcesBuildPhase section */
		A579E38A2AF2ECA8004BFE6A /* Resources */ = {
			isa = PBXResourcesBuildPhase;
			buildActionMask = 2147483647;
			files = (
				A579E3992AF2ECA9004BFE6A /* Preview Assets.xcassets in Resources */,
				A579E3962AF2ECA9004BFE6A /* Assets.xcassets in Resources */,
			);
			runOnlyForDeploymentPostprocessing = 0;
		};
		A579E39C2AF2ECAA004BFE6A /* Resources */ = {
			isa = PBXResourcesBuildPhase;
			buildActionMask = 2147483647;
			files = (
			);
			runOnlyForDeploymentPostprocessing = 0;
		};
		A579E3A62AF2ECAA004BFE6A /* Resources */ = {
			isa = PBXResourcesBuildPhase;
			buildActionMask = 2147483647;
			files = (
			);
			runOnlyForDeploymentPostprocessing = 0;
		};
/* End PBXResourcesBuildPhase section */

/* Begin PBXSourcesBuildPhase section */
		A579E3882AF2ECA8004BFE6A /* Sources */ = {
			isa = PBXSourcesBuildPhase;
			buildActionMask = 2147483647;
			files = (
				A579E3922AF2ECA8004BFE6A /* ContentView.swift in Sources */,
				A579E3942AF2ECA8004BFE6A /* Item.swift in Sources */,
				A579E3902AF2ECA8004BFE6A /* RapidEmoji_RaceApp.swift in Sources */,
				A579E3BC2AF2F6B1004BFE6A /* Flash Card.swift in Sources */,
			);
			runOnlyForDeploymentPostprocessing = 0;
		};
		A579E39A2AF2ECAA004BFE6A /* Sources */ = {
			isa = PBXSourcesBuildPhase;
			buildActionMask = 2147483647;
			files = (
				A579E3A32AF2ECAA004BFE6A /* RapidEmoji_RaceTests.swift in Sources */,
			);
			runOnlyForDeploymentPostprocessing = 0;
		};
		A579E3A42AF2ECAA004BFE6A /* Sources */ = {
			isa = PBXSourcesBuildPhase;
			buildActionMask = 2147483647;
			files = (
				A579E3AD2AF2ECAA004BFE6A /* RapidEmoji_RaceUITests.swift in Sources */,
				A579E3AF2AF2ECAA004BFE6A /* RapidEmoji_RaceUITestsLaunchTests.swift in Sources */,
			);
			runOnlyForDeploymentPostprocessing = 0;
		};
/* End PBXSourcesBuildPhase section */

/* Begin PBXTargetDependency section */
		A579E3A02AF2ECAA004BFE6A /* PBXTargetDependency */ = {
			isa = PBXTargetDependency;
			target = A579E38B2AF2ECA8004BFE6A /* RapidEmoji-Race */;
			targetProxy = A579E39F2AF2ECAA004BFE6A /* PBXContainerItemProxy */;
		};
		A579E3AA2AF2ECAA004BFE6A /* PBXTargetDependency */ = {
			isa = PBXTargetDependency;
			target = A579E38B2AF2ECA8004BFE6A /* RapidEmoji-Race */;
			targetProxy = A579E3A92AF2ECAA004BFE6A /* PBXContainerItemProxy */;
		};
/* End PBXTargetDependency section */

/* Begin XCBuildConfiguration section */
		A579E3B02AF2ECAA004BFE6A /* Debug */ = {
			isa = XCBuildConfiguration;
			buildSettings = {
				ALWAYS_SEARCH_USER_PATHS = NO;
				ASSETCATALOG_COMPILER_GENERATE_SWIFT_ASSET_SYMBOL_EXTENSIONS = YES;
				CLANG_ANALYZER_NONNULL = YES;
				CLANG_ANALYZER_NUMBER_OBJECT_CONVERSION = YES_AGGRESSIVE;
				CLANG_CXX_LANGUAGE_STANDARD = "gnu++20";
				CLANG_ENABLE_MODULES = YES;
				CLANG_ENABLE_OBJC_ARC = YES;
				CLANG_ENABLE_OBJC_WEAK = YES;
				CLANG_WARN_BLOCK_CAPTURE_AUTORELEASING = YES;
				CLANG_WARN_BOOL_CONVERSION = YES;
				CLANG_WARN_COMMA = YES;
				CLANG_WARN_CONSTANT_CONVERSION = YES;
				CLANG_WARN_DEPRECATED_OBJC_IMPLEMENTATIONS = YES;
				CLANG_WARN_DIRECT_OBJC_ISA_USAGE = YES_ERROR;
				CLANG_WARN_DOCUMENTATION_COMMENTS = YES;
				CLANG_WARN_EMPTY_BODY = YES;
				CLANG_WARN_ENUM_CONVERSION = YES;
				CLANG_WARN_INFINITE_RECURSION = YES;
				CLANG_WARN_INT_CONVERSION = YES;
				CLANG_WARN_NON_LITERAL_NULL_CONVERSION = YES;
				CLANG_WARN_OBJC_IMPLICIT_RETAIN_SELF = YES;
				CLANG_WARN_OBJC_LITERAL_CONVERSION = YES;
				CLANG_WARN_OBJC_ROOT_CLASS = YES_ERROR;
				CLANG_WARN_QUOTED_INCLUDE_IN_FRAMEWORK_HEADER = YES;
				CLANG_WARN_RANGE_LOOP_ANALYSIS = YES;
				CLANG_WARN_STRICT_PROTOTYPES = YES;
				CLANG_WARN_SUSPICIOUS_MOVE = YES;
				CLANG_WARN_UNGUARDED_AVAILABILITY = YES_AGGRESSIVE;
				CLANG_WARN_UNREACHABLE_CODE = YES;
				CLANG_WARN__DUPLICATE_METHOD_MATCH = YES;
				COPY_PHASE_STRIP = NO;
				DEBUG_INFORMATION_FORMAT = dwarf;
				ENABLE_STRICT_OBJC_MSGSEND = YES;
				ENABLE_TESTABILITY = YES;
				ENABLE_USER_SCRIPT_SANDBOXING = YES;
				GCC_C_LANGUAGE_STANDARD = gnu17;
				GCC_DYNAMIC_NO_PIC = NO;
				GCC_NO_COMMON_BLOCKS = YES;
				GCC_OPTIMIZATION_LEVEL = 0;
				GCC_PREPROCESSOR_DEFINITIONS = (
					"DEBUG=1",
					"$(inherited)",
				);
				GCC_WARN_64_TO_32_BIT_CONVERSION = YES;
				GCC_WARN_ABOUT_RETURN_TYPE = YES_ERROR;
				GCC_WARN_UNDECLARED_SELECTOR = YES;
				GCC_WARN_UNINITIALIZED_AUTOS = YES_AGGRESSIVE;
				GCC_WARN_UNUSED_FUNCTION = YES;
				GCC_WARN_UNUSED_VARIABLE = YES;
				IPHONEOS_DEPLOYMENT_TARGET = 17.0;
				LOCALIZATION_PREFERS_STRING_CATALOGS = YES;
				MTL_ENABLE_DEBUG_INFO = INCLUDE_SOURCE;
				MTL_FAST_MATH = YES;
				ONLY_ACTIVE_ARCH = YES;
				SDKROOT = iphoneos;
				SWIFT_ACTIVE_COMPILATION_CONDITIONS = "DEBUG $(inherited)";
				SWIFT_OPTIMIZATION_LEVEL = "-Onone";
			};
			name = Debug;
		};
		A579E3B12AF2ECAA004BFE6A /* Release */ = {
			isa = XCBuildConfiguration;
			buildSettings = {
				ALWAYS_SEARCH_USER_PATHS = NO;
				ASSETCATALOG_COMPILER_GENERATE_SWIFT_ASSET_SYMBOL_EXTENSIONS = YES;
				CLANG_ANALYZER_NONNULL = YES;
				CLANG_ANALYZER_NUMBER_OBJECT_CONVERSION = YES_AGGRESSIVE;
				CLANG_CXX_LANGUAGE_STANDARD = "gnu++20";
				CLANG_ENABLE_MODULES = YES;
				CLANG_ENABLE_OBJC_ARC = YES;
				CLANG_ENABLE_OBJC_WEAK = YES;
				CLANG_WARN_BLOCK_CAPTURE_AUTORELEASING = YES;
				CLANG_WARN_BOOL_CONVERSION = YES;
				CLANG_WARN_COMMA = YES;
				CLANG_WARN_CONSTANT_CONVERSION = YES;
				CLANG_WARN_DEPRECATED_OBJC_IMPLEMENTATIONS = YES;
				CLANG_WARN_DIRECT_OBJC_ISA_USAGE = YES_ERROR;
				CLANG_WARN_DOCUMENTATION_COMMENTS = YES;
				CLANG_WARN_EMPTY_BODY = YES;
				CLANG_WARN_ENUM_CONVERSION = YES;
				CLANG_WARN_INFINITE_RECURSION = YES;
				CLANG_WARN_INT_CONVERSION = YES;
				CLANG_WARN_NON_LITERAL_NULL_CONVERSION = YES;
				CLANG_WARN_OBJC_IMPLICIT_RETAIN_SELF = YES;
				CLANG_WARN_OBJC_LITERAL_CONVERSION = YES;
				CLANG_WARN_OBJC_ROOT_CLASS = YES_ERROR;
				CLANG_WARN_QUOTED_INCLUDE_IN_FRAMEWORK_HEADER = YES;
				CLANG_WARN_RANGE_LOOP_ANALYSIS = YES;
				CLANG_WARN_STRICT_PROTOTYPES = YES;
				CLANG_WARN_SUSPICIOUS_MOVE = YES;
				CLANG_WARN_UNGUARDED_AVAILABILITY = YES_AGGRESSIVE;
				CLANG_WARN_UNREACHABLE_CODE = YES;
				CLANG_WARN__DUPLICATE_METHOD_MATCH = YES;
				COPY_PHASE_STRIP = NO;
				DEBUG_INFORMATION_FORMAT = "dwarf-with-dsym";
				ENABLE_NS_ASSERTIONS = NO;
				ENABLE_STRICT_OBJC_MSGSEND = YES;
				ENABLE_USER_SCRIPT_SANDBOXING = YES;
				GCC_C_LANGUAGE_STANDARD = gnu17;
				GCC_NO_COMMON_BLOCKS = YES;
				GCC_WARN_64_TO_32_BIT_CONVERSION = YES;
				GCC_WARN_ABOUT_RETURN_TYPE = YES_ERROR;
				GCC_WARN_UNDECLARED_SELECTOR = YES;
				GCC_WARN_UNINITIALIZED_AUTOS = YES_AGGRESSIVE;
				GCC_WARN_UNUSED_FUNCTION = YES;
				GCC_WARN_UNUSED_VARIABLE = YES;
				IPHONEOS_DEPLOYMENT_TARGET = 17.0;
				LOCALIZATION_PREFERS_STRING_CATALOGS = YES;
				MTL_ENABLE_DEBUG_INFO = NO;
				MTL_FAST_MATH = YES;
				SDKROOT = iphoneos;
				SWIFT_COMPILATION_MODE = wholemodule;
				VALIDATE_PRODUCT = YES;
			};
			name = Release;
		};
		A579E3B32AF2ECAA004BFE6A /* Debug */ = {
			isa = XCBuildConfiguration;
			buildSettings = {
				ASSETCATALOG_COMPILER_APPICON_NAME = AppIcon;
				ASSETCATALOG_COMPILER_GLOBAL_ACCENT_COLOR_NAME = AccentColor;
				CODE_SIGN_STYLE = Automatic;
				CURRENT_PROJECT_VERSION = 1;
				DEVELOPMENT_ASSET_PATHS = "\"RapidEmoji-Race/Preview Content\"";
				ENABLE_PREVIEWS = YES;
				GENERATE_INFOPLIST_FILE = YES;
				INFOPLIST_KEY_UIApplicationSceneManifest_Generation = YES;
				INFOPLIST_KEY_UIApplicationSupportsIndirectInputEvents = YES;
				INFOPLIST_KEY_UILaunchScreen_Generation = YES;
				INFOPLIST_KEY_UISupportedInterfaceOrientations_iPad = "UIInterfaceOrientationPortrait UIInterfaceOrientationPortraitUpsideDown UIInterfaceOrientationLandscapeLeft UIInterfaceOrientationLandscapeRight";
				INFOPLIST_KEY_UISupportedInterfaceOrientations_iPhone = "UIInterfaceOrientationPortrait UIInterfaceOrientationLandscapeLeft UIInterfaceOrientationLandscapeRight";
				LD_RUNPATH_SEARCH_PATHS = (
					"$(inherited)",
					"@executable_path/Frameworks",
				);
				MARKETING_VERSION = 1.0;
				PRODUCT_BUNDLE_IDENTIFIER = "com.edmiidz.RapidEmoji-Race";
				PRODUCT_NAME = "$(TARGET_NAME)";
				SWIFT_EMIT_LOC_STRINGS = YES;
				SWIFT_VERSION = 5.0;
				TARGETED_DEVICE_FAMILY = "1,2";
			};
			name = Debug;
		};
		A579E3B42AF2ECAA004BFE6A /* Release */ = {
			isa = XCBuildConfiguration;
			buildSettings = {
				ASSETCATALOG_COMPILER_APPICON_NAME = AppIcon;
				ASSETCATALOG_COMPILER_GLOBAL_ACCENT_COLOR_NAME = AccentColor;
				CODE_SIGN_STYLE = Automatic;
				CURRENT_PROJECT_VERSION = 1;
				DEVELOPMENT_ASSET_PATHS = "\"RapidEmoji-Race/Preview Content\"";
				ENABLE_PREVIEWS = YES;
				GENERATE_INFOPLIST_FILE = YES;
				INFOPLIST_KEY_UIApplicationSceneManifest_Generation = YES;
				INFOPLIST_KEY_UIApplicationSupportsIndirectInputEvents = YES;
				INFOPLIST_KEY_UILaunchScreen_Generation = YES;
				INFOPLIST_KEY_UISupportedInterfaceOrientations_iPad = "UIInterfaceOrientationPortrait UIInterfaceOrientationPortraitUpsideDown UIInterfaceOrientationLandscapeLeft UIInterfaceOrientationLandscapeRight";
				INFOPLIST_KEY_UISupportedInterfaceOrientations_iPhone = "UIInterfaceOrientationPortrait UIInterfaceOrientationLandscapeLeft UIInterfaceOrientationLandscapeRight";
				LD_RUNPATH_SEARCH_PATHS = (
					"$(inherited)",
					"@executable_path/Frameworks",
				);
				MARKETING_VERSION = 1.0;
				PRODUCT_BUNDLE_IDENTIFIER = "com.edmiidz.RapidEmoji-Race";
				PRODUCT_NAME = "$(TARGET_NAME)";
				SWIFT_EMIT_LOC_STRINGS = YES;
				SWIFT_VERSION = 5.0;
				TARGETED_DEVICE_FAMILY = "1,2";
			};
			name = Release;
		};
		A579E3B62AF2ECAA004BFE6A /* Debug */ = {
			isa = XCBuildConfiguration;
			buildSettings = {
				ALWAYS_EMBED_SWIFT_STANDARD_LIBRARIES = YES;
				BUNDLE_LOADER = "$(TEST_HOST)";
				CODE_SIGN_STYLE = Automatic;
				CURRENT_PROJECT_VERSION = 1;
				GENERATE_INFOPLIST_FILE = YES;
				IPHONEOS_DEPLOYMENT_TARGET = 17.0;
				MARKETING_VERSION = 1.0;
				PRODUCT_BUNDLE_IDENTIFIER = "com.edmiidz.RapidEmoji-RaceTests";
				PRODUCT_NAME = "$(TARGET_NAME)";
				SWIFT_EMIT_LOC_STRINGS = NO;
				SWIFT_VERSION = 5.0;
				TARGETED_DEVICE_FAMILY = "1,2";
				TEST_HOST = "$(BUILT_PRODUCTS_DIR)/RapidEmoji-Race.app/$(BUNDLE_EXECUTABLE_FOLDER_PATH)/RapidEmoji-Race";
			};
			name = Debug;
		};
		A579E3B72AF2ECAA004BFE6A /* Release */ = {
			isa = XCBuildConfiguration;
			buildSettings = {
				ALWAYS_EMBED_SWIFT_STANDARD_LIBRARIES = YES;
				BUNDLE_LOADER = "$(TEST_HOST)";
				CODE_SIGN_STYLE = Automatic;
				CURRENT_PROJECT_VERSION = 1;
				GENERATE_INFOPLIST_FILE = YES;
				IPHONEOS_DEPLOYMENT_TARGET = 17.0;
				MARKETING_VERSION = 1.0;
				PRODUCT_BUNDLE_IDENTIFIER = "com.edmiidz.RapidEmoji-RaceTests";
				PRODUCT_NAME = "$(TARGET_NAME)";
				SWIFT_EMIT_LOC_STRINGS = NO;
				SWIFT_VERSION = 5.0;
				TARGETED_DEVICE_FAMILY = "1,2";
				TEST_HOST = "$(BUILT_PRODUCTS_DIR)/RapidEmoji-Race.app/$(BUNDLE_EXECUTABLE_FOLDER_PATH)/RapidEmoji-Race";
			};
			name = Release;
		};
		A579E3B92AF2ECAA004BFE6A /* Debug */ = {
			isa = XCBuildConfiguration;
			buildSettings = {
				ALWAYS_EMBED_SWIFT_STANDARD_LIBRARIES = YES;
				CODE_SIGN_STYLE = Automatic;
				CURRENT_PROJECT_VERSION = 1;
				GENERATE_INFOPLIST_FILE = YES;
				MARKETING_VERSION = 1.0;
				PRODUCT_BUNDLE_IDENTIFIER = "com.edmiidz.RapidEmoji-RaceUITests";
				PRODUCT_NAME = "$(TARGET_NAME)";
				SWIFT_EMIT_LOC_STRINGS = NO;
				SWIFT_VERSION = 5.0;
				TARGETED_DEVICE_FAMILY = "1,2";
				TEST_TARGET_NAME = "RapidEmoji-Race";
			};
			name = Debug;
		};
		A579E3BA2AF2ECAA004BFE6A /* Release */ = {
			isa = XCBuildConfiguration;
			buildSettings = {
				ALWAYS_EMBED_SWIFT_STANDARD_LIBRARIES = YES;
				CODE_SIGN_STYLE = Automatic;
				CURRENT_PROJECT_VERSION = 1;
				GENERATE_INFOPLIST_FILE = YES;
				MARKETING_VERSION = 1.0;
				PRODUCT_BUNDLE_IDENTIFIER = "com.edmiidz.RapidEmoji-RaceUITests";
				PRODUCT_NAME = "$(TARGET_NAME)";
				SWIFT_EMIT_LOC_STRINGS = NO;
				SWIFT_VERSION = 5.0;
				TARGETED_DEVICE_FAMILY = "1,2";
				TEST_TARGET_NAME = "RapidEmoji-Race";
			};
			name = Release;
		};
/* End XCBuildConfiguration section */

/* Begin XCConfigurationList section */
		A579E3872AF2ECA8004BFE6A /* Build configuration list for PBXProject "RapidEmoji-Race" */ = {
			isa = XCConfigurationList;
			buildConfigurations = (
				A579E3B02AF2ECAA004BFE6A /* Debug */,
				A579E3B12AF2ECAA004BFE6A /* Release */,
			);
			defaultConfigurationIsVisible = 0;
			defaultConfigurationName = Release;
		};
		A579E3B22AF2ECAA004BFE6A /* Build configuration list for PBXNativeTarget "RapidEmoji-Race" */ = {
			isa = XCConfigurationList;
			buildConfigurations = (
				A579E3B32AF2ECAA004BFE6A /* Debug */,
				A579E3B42AF2ECAA004BFE6A /* Release */,
			);
			defaultConfigurationIsVisible = 0;
			defaultConfigurationName = Release;
		};
		A579E3B52AF2ECAA004BFE6A /* Build configuration list for PBXNativeTarget "RapidEmoji-RaceTests" */ = {
			isa = XCConfigurationList;
			buildConfigurations = (
				A579E3B62AF2ECAA004BFE6A /* Debug */,
				A579E3B72AF2ECAA004BFE6A /* Release */,
			);
			defaultConfigurationIsVisible = 0;
			defaultConfigurationName = Release;
		};
		A579E3B82AF2ECAA004BFE6A /* Build configuration list for PBXNativeTarget "RapidEmoji-RaceUITests" */ = {
			isa = XCConfigurationList;
			buildConfigurations = (
				A579E3B92AF2ECAA004BFE6A /* Debug */,
				A579E3BA2AF2ECAA004BFE6A /* Release */,
			);
			defaultConfigurationIsVisible = 0;
			defaultConfigurationName = Release;
		};
/* End XCConfigurationList section */
	};
	rootObject = A579E3842AF2ECA8004BFE6A /* Project object */;
}
